# This file is automatically @generated by Cargo.
# It is not intended for manual editing.
version = 4

[[package]]
name = "pios"
version = "0.1.0"
dependencies = [
 "pios-abi",
 "pios-bootfs",
 "pios-pl011",
 "pios-textconsole",
]

[[package]]
name = "pios-abi"
version = "0.1.0"

[[package]]
name = "pios-bootfs"
version = "0.1.0"

[[package]]
name = "pios-pl011"
version = "0.1.0"

[[package]]
name = "pios-textconsole"
version = "0.1.0"
