# This file is automatically @generated by Cargo.
# It is not intended for manual editing.
version = 4

[[package]]
name = "console"
version = "0.1.0"
dependencies = [
 "libpios",
 "pios-pl011",
 "pios-textconsole",
]

[[package]]
name = "crashtest"
version = "0.1.0"
dependencies = [
 "libpios",
]

[[package]]
name = "fptest"
version = "0.1.0"
dependencies = [
 "libpios",
]

[[package]]
name = "hello"
version = "0.1.0"
dependencies = [
 "libpios",
]

[[package]]
name = "init"
version = "0.1.0"
dependencies = [
 "libpios",
 "pios-abi",
 "pios-bootfs",
]

[[package]]
name = "ipctest"
version = "0.1.0"
dependencies = [
 "libpios",
 "pios-abi",
 "pios-bootfs",
]

[[package]]
name = "libpios"
version = "0.1.0"
dependencies = [
 "pios-abi",
]

[[package]]
name = "pios-abi"
version = "0.1.0"

[[package]]
name = "pios-bootfs"
version = "0.1.0"

[[package]]
name = "pios-pl011"
version = "0.1.0"

[[package]]
name = "pios-textconsole"
version = "0.1.0"

[[package]]
name = "procman"
version = "0.1.0"
dependencies = [
 "libpios",
 "pios-bootfs",
]

[[package]]
name = "shell"
version = "0.1.0"
dependencies = [
 "libpios",
]

[[package]]
name = "usb"
version = "0.1.0"
dependencies = [
 "libpios",
 "pios-abi",
]

[[package]]
name = "usertest"
version = "0.1.0"
dependencies = [
 "libpios",
 "pios-abi",
]
