# This file is automatically @generated by Cargo.
# It is not intended for manual editing.
version = 4

[[package]]
name = "crashtest"
version = "0.1.0"
dependencies = [
 "libpios",
]

[[package]]
name = "fptest"
version = "0.1.0"
dependencies = [
 "libpios",
]

[[package]]
name = "hello"
version = "0.1.0"
dependencies = [
 "libpios",
]

[[package]]
name = "init"
version = "0.1.0"
dependencies = [
 "libpios",
 "pios-bootfs",
]

[[package]]
name = "libpios"
version = "0.1.0"
dependencies = [
 "pios-abi",
]

[[package]]
name = "pios-abi"
version = "0.1.0"

[[package]]
name = "pios-bootfs"
version = "0.1.0"

[[package]]
name = "usertest"
version = "0.1.0"
dependencies = [
 "libpios",
 "pios-abi",
]
